
Microsoft Visual Studio Solution File, Format Version 12.00
# Visual Studio 15
VisualStudioVersion = 15.0.27004.2006
MinimumVisualStudioVersion = 10.0.40219.1
Project("{FAE04EC0-301F-11D3-BF4B-00C04F79EFBC}") = "Facade_Proxy_EX18", "Facade_Proxy_EX18\Facade_Proxy_EX18.csproj", "{D76936D9-F7A5-4A04-A201-1FE207BE0CF2}"
EndProject
Global
	GlobalSection(SolutionConfigurationPlatforms) = preSolution
		Debug|Any CPU = Debug|Any CPU
		Release|Any CPU = Release|Any CPU
	EndGlobalSection
	GlobalSection(ProjectConfigurationPlatforms) = postSolution
		{D76936D9-F7A5-4A04-A201-1FE207BE0CF2}.Debug|Any CPU.ActiveCfg = Debug|Any CPU
		{D76936D9-F7A5-4A04-A201-1FE207BE0CF2}.Debug|Any CPU.Build.0 = Debug|Any CPU
		{D76936D9-F7A5-4A04-A201-1FE207BE0CF2}.Release|Any CPU.ActiveCfg = Release|Any CPU
		{D76936D9-F7A5-4A04-A201-1FE207BE0CF2}.Release|Any CPU.Build.0 = Release|Any CPU
	EndGlobalSection
	GlobalSection(SolutionProperties) = preSolution
		HideSolutionNode = FALSE
	EndGlobalSection
	GlobalSection(ExtensibilityGlobals) = postSolution
		SolutionGuid = {6378319E-BD27-438F-894A-59AEDB37F571}
	EndGlobalSection
EndGlobal
