
Microsoft Visual Studio Solution File, Format Version 12.00
# Visual Studio 15
VisualStudioVersion = 15.0.27004.2006
MinimumVisualStudioVersion = 10.0.40219.1
Project("{FAE04EC0-301F-11D3-BF4B-00C04F79EFBC}") = "FinalTest_EX08", "FinalTest_EX08\FinalTest_EX08.csproj", "{69181460-3705-458F-A117-AF69DEC1D31C}"
EndProject
Global
	GlobalSection(SolutionConfigurationPlatforms) = preSolution
		Debug|Any CPU = Debug|Any CPU
		Release|Any CPU = Release|Any CPU
	EndGlobalSection
	GlobalSection(ProjectConfigurationPlatforms) = postSolution
		{69181460-3705-458F-A117-AF69DEC1D31C}.Debug|Any CPU.ActiveCfg = Debug|Any CPU
		{69181460-3705-458F-A117-AF69DEC1D31C}.Debug|Any CPU.Build.0 = Debug|Any CPU
		{69181460-3705-458F-A117-AF69DEC1D31C}.Release|Any CPU.ActiveCfg = Release|Any CPU
		{69181460-3705-458F-A117-AF69DEC1D31C}.Release|Any CPU.Build.0 = Release|Any CPU
	EndGlobalSection
	GlobalSection(SolutionProperties) = preSolution
		HideSolutionNode = FALSE
	EndGlobalSection
	GlobalSection(ExtensibilityGlobals) = postSolution
		SolutionGuid = {6776DB0C-02B9-45BE-8D47-2D3C82DF91A8}
	EndGlobalSection
EndGlobal
