
Microsoft Visual Studio Solution File, Format Version 12.00
# Visual Studio 15
VisualStudioVersion = 15.0.27004.2006
MinimumVisualStudioVersion = 10.0.40219.1
Project("{FAE04EC0-301F-11D3-BF4B-00C04F79EFBC}") = "FinalTest_EX02", "FinalTest_EX02\FinalTest_EX02.csproj", "{9692B0CB-3971-488C-A2DF-721554A54A86}"
EndProject
Global
	GlobalSection(SolutionConfigurationPlatforms) = preSolution
		Debug|Any CPU = Debug|Any CPU
		Release|Any CPU = Release|Any CPU
	EndGlobalSection
	GlobalSection(ProjectConfigurationPlatforms) = postSolution
		{9692B0CB-3971-488C-A2DF-721554A54A86}.Debug|Any CPU.ActiveCfg = Debug|Any CPU
		{9692B0CB-3971-488C-A2DF-721554A54A86}.Debug|Any CPU.Build.0 = Debug|Any CPU
		{9692B0CB-3971-488C-A2DF-721554A54A86}.Release|Any CPU.ActiveCfg = Release|Any CPU
		{9692B0CB-3971-488C-A2DF-721554A54A86}.Release|Any CPU.Build.0 = Release|Any CPU
	EndGlobalSection
	GlobalSection(SolutionProperties) = preSolution
		HideSolutionNode = FALSE
	EndGlobalSection
	GlobalSection(ExtensibilityGlobals) = postSolution
		SolutionGuid = {DF02602F-5A9E-4320-804C-F6D20CF78F2A}
	EndGlobalSection
EndGlobal
